
Microsoft Visual Studio Solution File, Format Version 12.00
# Visual Studio Version 16
VisualStudioVersion = 16.0.30804.86
MinimumVisualStudioVersion = 10.0.40219.1
Project("{FAE04EC0-301F-11D3-BF4B-00C04F79EFBC}") = "testtask1", "testtask1.csproj", "{D275CA50-8D31-425C-AFB8-BFE9F3724630}"
EndProject
Global
	GlobalSection(SolutionConfigurationPlatforms) = preSolution
		Debug|Any CPU = Debug|Any CPU
		Release|Any CPU = Release|Any CPU
	EndGlobalSection
	GlobalSection(ProjectConfigurationPlatforms) = postSolution
		{D275CA50-8D31-425C-AFB8-BFE9F3724630}.Debug|Any CPU.ActiveCfg = Debug|Any CPU
		{D275CA50-8D31-425C-AFB8-BFE9F3724630}.Debug|Any CPU.Build.0 = Debug|Any CPU
		{D275CA50-8D31-425C-AFB8-BFE9F3724630}.Release|Any CPU.ActiveCfg = Release|Any CPU
		{D275CA50-8D31-425C-AFB8-BFE9F3724630}.Release|Any CPU.Build.0 = Release|Any CPU
	EndGlobalSection
	GlobalSection(SolutionProperties) = preSolution
		HideSolutionNode = FALSE
	EndGlobalSection
	GlobalSection(ExtensibilityGlobals) = postSolution
		SolutionGuid = {ED59BD8A-38DC-4DF0-AF78-0B45FDE88C8F}
	EndGlobalSection
EndGlobal
